github.com/ayanmaj92/wowchemy-widget-certificates v0.0.0-20210818134232-a3447f1c414a h1:K2IhEK4Tp885MrhZo+Vi7AwXGNPtrDwKuO+DBRdvI8Y=
github.com/ayanmaj92/wowchemy-widget-certificates v0.0.0-20210818134232-a3447f1c414a/go.mod h1:sHTM8/OzRR2YQry0cYluBgkEm68eyDI1CpNeV9wjrmk=
github.com/ayanmaj92/wowchemy-widget-certificates v0.0.0-20210818154743-37e0eff6fd4c h1:so3YTgpzXMMwl0boyH+FqMckiJL1aTt7KMacOggepaM=
github.com/ayanmaj92/wowchemy-widget-certificates v0.0.0-20210818154743-37e0eff6fd4c/go.mod h1:sHTM8/OzRR2YQry0cYluBgkEm68eyDI1CpNeV9wjrmk=
github.com/ayanmaj92/wowchemy-widget-certificates v0.0.0-20210819082025-28477e14ee26 h1:VOOUx0u7cA87PPDmmf6my06kzpsSNsSA20/sns5rFdo=
github.com/ayanmaj92/wowchemy-widget-certificates v0.0.0-20210819082025-28477e14ee26/go.mod h1:sHTM8/OzRR2YQry0cYluBgkEm68eyDI1CpNeV9wjrmk=
github.com/ayanmaj92/wowchemy-widget-certificates v0.0.0-20210819082136-8decf5470b4b h1:rlpfg9PTGglTxBJM2gSAx9EdDmdbzQOqUOwFBpYZBiQ=
github.com/ayanmaj92/wowchemy-widget-certificates v0.0.0-20210819082136-8decf5470b4b/go.mod h1:sHTM8/OzRR2YQry0cYluBgkEm68eyDI1CpNeV9wjrmk=
github.com/ayanmaj92/wowchemy-widget-certificates v0.0.0-20210819093020-d3af2bec8f4a h1:uFkAg/cTFA38O3M8Kb1I4Imbq2dHHzOpTklJTP6bRec=
github.com/ayanmaj92/wowchemy-widget-certificates v0.0.0-20210819093020-d3af2bec8f4a/go.mod h1:sHTM8/OzRR2YQry0cYluBgkEm68eyDI1CpNeV9wjrmk=
github.com/ayanmaj92/wowchemy-widget-certificates v0.0.0-20220603115533-878e19be6c6f h1:CBEssTk/KtBxho2qYy0HOdzPFl3mug7O3t6HqlojebE=
github.com/ayanmaj92/wowchemy-widget-certificates v0.0.0-20220603115533-878e19be6c6f/go.mod h1:sHTM8/OzRR2YQry0cYluBgkEm68eyDI1CpNeV9wjrmk=
github.com/ayanmaj92/wowchemy-widget-certificates v0.0.0-20220603120148-9c429f52d5bf h1:ud+YEZPz3pwD3/M9Kl9lSCRBpWO+YtridryPJzzQU9w=
github.com/ayanmaj92/wowchemy-widget-certificates v0.0.0-20220603120148-9c429f52d5bf/go.mod h1:sHTM8/OzRR2YQry0cYluBgkEm68eyDI1CpNeV9wjrmk=
github.com/ayanmaj92/wowchemy-widget-certificates v0.0.0-20220603120427-912905eab497 h1:osjbUw5fzQYLN6s3Cu8BSdWoFYU4ZBn8XxSJrNKhdf8=
github.com/ayanmaj92/wowchemy-widget-certificates v0.0.0-20220603120427-912905eab497/go.mod h1:sHTM8/OzRR2YQry0cYluBgkEm68eyDI1CpNeV9wjrmk=
github.com/ayanmaj92/wowchemy-widget-certificates v0.0.0-20220603121401-68b0a7d2b851 h1:JIzaJ2xpyIK6h/B20X44uFaFwAYkWP14S4FIp5R2Y/w=
github.com/ayanmaj92/wowchemy-widget-certificates v0.0.0-20220603121401-68b0a7d2b851/go.mod h1:sHTM8/OzRR2YQry0cYluBgkEm68eyDI1CpNeV9wjrmk=
github.com/ayanmaj92/wowchemy-widget-certificates v0.0.0-20220603121506-a0f24c83f33d h1:yJLdx/gi97gbDfdMc6AetTnIFKJxoBWFg2z7zizcy70=
github.com/ayanmaj92/wowchemy-widget-certificates v0.0.0-20220603121506-a0f24c83f33d/go.mod h1:sHTM8/OzRR2YQry0cYluBgkEm68eyDI1CpNeV9wjrmk=
github.com/ayanmaj92/wowchemy-widget-certificates v0.0.0-20220603121819-cbda9b9cee58 h1:rJmVKUyYOuQvfjgZml4LTLyMsF8AqhczBtAFzj9uzCs=
github.com/ayanmaj92/wowchemy-widget-certificates v0.0.0-20220603121819-cbda9b9cee58/go.mod h1:sHTM8/OzRR2YQry0cYluBgkEm68eyDI1CpNeV9wjrmk=
github.com/ayanmaj92/wowchemy-widget-certificates v0.0.0-20220603121945-effa051f55e5 h1:+ovyBs+qp88GMl7QU7C0KUMYLtcXAPmyMwV1qWLLuQg=
github.com/ayanmaj92/wowchemy-widget-certificates v0.0.0-20220603121945-effa051f55e5/go.mod h1:sHTM8/OzRR2YQry0cYluBgkEm68eyDI1CpNeV9wjrmk=
github.com/ayanmaj92/wowchemy-widget-certificates v0.0.0-20220603122144-39351b0b2e2c h1:/fTH3pHMMXGr2l491iXTqWuXxw9ubGiLl42FmhJSd+Y=
github.com/ayanmaj92/wowchemy-widget-certificates v0.0.0-20220603122144-39351b0b2e2c/go.mod h1:sHTM8/OzRR2YQry0cYluBgkEm68eyDI1CpNeV9wjrmk=
github.com/ayanmaj92/wowchemy-widget-certificates v0.0.0-20220603122234-8cf0a3e710d1 h1:8W8fUylbKaAcLvAOi83AFZJwGYSPPDq2gA/1c0u2rpU=
github.com/ayanmaj92/wowchemy-widget-certificates v0.0.0-20220603122234-8cf0a3e710d1/go.mod h1:sHTM8/OzRR2YQry0cYluBgkEm68eyDI1CpNeV9wjrmk=
github.com/ayanmaj92/wowchemy-widget-certificates v0.0.0-20220603122357-04457f725cee h1:kXSAqDVXnM7l3pq2gGv559SLsrK64rYCukd08uc/n0Q=
github.com/ayanmaj92/wowchemy-widget-certificates v0.0.0-20220603122357-04457f725cee/go.mod h1:sHTM8/OzRR2YQry0cYluBgkEm68eyDI1CpNeV9wjrmk=
github.com/ayanmaj92/wowchemy-widget-certificates v0.0.0-20220603122502-d56ccbcece20 h1:RPQWAtg7VpAELPvNliD2iADAY0WuVuAn41aU49Ny+kM=
github.com/ayanmaj92/wowchemy-widget-certificates v0.0.0-20220603122502-d56ccbcece20/go.mod h1:sHTM8/OzRR2YQry0cYluBgkEm68eyDI1CpNeV9wjrmk=
github.com/ayanmaj92/wowchemy-widget-certificates v0.0.0-20220603122646-8a77df35ad64 h1:W7qnnZFHLI1za6FG6iFGYetGQlY1mVIks4maG6XRxXE=
github.com/ayanmaj92/wowchemy-widget-certificates v0.0.0-20220603122646-8a77df35ad64/go.mod h1:sHTM8/OzRR2YQry0cYluBgkEm68eyDI1CpNeV9wjrmk=
github.com/wowchemy/wowchemy-hugo-modules/v5 v5.3.0 h1:lGfJL+IslLK+LbUivHVFO+P9/Op4mK4zb3SlKiORKGk=
github.com/wowchemy/wowchemy-hugo-modules/v5 v5.3.0/go.mod h1:akNBhhT0UAOXSREplKkLe2wyHeo51qm6f+vqNkQkcmE=
github.com/wowchemy/wowchemy-hugo-modules/wowchemy-cms/v5 v5.0.0-20210629192904-559885af86b7/go.mod h1:Sp/AKo+2HAPi/IPHp1MEdKPmee+mzO5+efUBUPLPqPE=
github.com/wowchemy/wowchemy-hugo-modules/wowchemy-cms/v5 v5.0.0-20210811091031-81345fad46b5 h1:/diHD9slElL+EQnfhUs6XtCxRTeostlC5wIAtCOXbe4=
github.com/wowchemy/wowchemy-hugo-modules/wowchemy-cms/v5 v5.0.0-20210811091031-81345fad46b5/go.mod h1:Sp/AKo+2HAPi/IPHp1MEdKPmee+mzO5+efUBUPLPqPE=
github.com/wowchemy/wowchemy-hugo-modules/wowchemy/v5 v5.0.0-20210629192904-559885af86b7/go.mod h1:2iL9rdrUYyJXX2BeHKfK+QbqZlubCsaR60nQ87NRQTY=
github.com/wowchemy/wowchemy-hugo-modules/wowchemy/v5 v5.0.0-20210811091031-81345fad46b5 h1:rhnjupk4KOsWyULAqsplsV7gB6qfDyW8VsyleoTdiPM=
github.com/wowchemy/wowchemy-hugo-modules/wowchemy/v5 v5.0.0-20210811091031-81345fad46b5/go.mod h1:2iL9rdrUYyJXX2BeHKfK+QbqZlubCsaR60nQ87NRQTY=
